// !$*UTF8*$!
{
	archiveVersion = 1;
	classes = {
	};
	objectVersion = 50;
	objects = {

/* Begin PBXBuildFile section */
		530C4DDE20BC5BA30070B3E4 /* BJDraggable.swift in Sources */ = {isa = PBXBuildFile; fileRef = 530C4DDD20BC5BA30070B3E4 /* BJDraggable.swift */; };
		530C4DE020BC61970070B3E4 /* GOW.jpg in Resources */ = {isa = PBXBuildFile; fileRef = 530C4DDF20BC61970070B3E4 /* GOW.jpg */; };
		53BC1A0820AF6E4A00121C13 /* AppDelegate.swift in Sources */ = {isa = PBXBuildFile; fileRef = 53BC1A0720AF6E4A00121C13 /* AppDelegate.swift */; };
		53BC1A0A20AF6E4A00121C13 /* ViewController.swift in Sources */ = {isa = PBXBuildFile; fileRef = 53BC1A0920AF6E4A00121C13 /* ViewController.swift */; };
		53BC1A0D20AF6E4A00121C13 /* Main.storyboard in Resources */ = {isa = PBXBuildFile; fileRef = 53BC1A0B20AF6E4A00121C13 /* Main.storyboard */; };
		53BC1A0F20AF6E4C00121C13 /* Assets.xcassets in Resources */ = {isa = PBXBuildFile; fileRef = 53BC1A0E20AF6E4C00121C13 /* Assets.xcassets */; };
		53BC1A1220AF6E4C00121C13 /* LaunchScreen.storyboard in Resources */ = {isa = PBXBuildFile; fileRef = 53BC1A1020AF6E4C00121C13 /* LaunchScreen.storyboard */; };
/* End PBXBuildFile section */

/* Begin PBXFileReference section */
		530C4DDD20BC5BA30070B3E4 /* BJDraggable.swift */ = {isa = PBXFileReference; fileEncoding = 4; lastKnownFileType = sourcecode.swift; path = BJDraggable.swift; sourceTree = "<group>"; };
		530C4DDF20BC61970070B3E4 /* GOW.jpg */ = {isa = PBXFileReference; lastKnownFileType = image.jpeg; path = GOW.jpg; sourceTree = "<group>"; };
		53BC1A0420AF6E4A00121C13 /* BJDraggableDemo.app */ = {isa = PBXFileReference; explicitFileType = wrapper.application; includeInIndex = 0; path = BJDraggableDemo.app; sourceTree = BUILT_PRODUCTS_DIR; };
		53BC1A0720AF6E4A00121C13 /* AppDelegate.swift */ = {isa = PBXFileReference; lastKnownFileType = sourcecode.swift; path = AppDelegate.swift; sourceTree = "<group>"; };
		53BC1A0920AF6E4A00121C13 /* ViewController.swift */ = {isa = PBXFileReference; lastKnownFileType = sourcecode.swift; path = ViewController.swift; sourceTree = "<group>"; };
		53BC1A0C20AF6E4A00121C13 /* Base */ = {isa = PBXFileReference; lastKnownFileType = file.storyboard; name = Base; path = Base.lproj/Main.storyboard; sourceTree = "<group>"; };
		53BC1A0E20AF6E4C00121C13 /* Assets.xcassets */ = {isa = PBXFileReference; lastKnownFileType = folder.assetcatalog; path = Assets.xcassets; sourceTree = "<group>"; };
		53BC1A1120AF6E4C00121C13 /* Base */ = {isa = PBXFileReference; lastKnownFileType = file.storyboard; name = Base; path = Base.lproj/LaunchScreen.storyboard; sourceTree = "<group>"; };
		53BC1A1320AF6E4C00121C13 /* Info.plist */ = {isa = PBXFileReference; lastKnownFileType = text.plist.xml; path = Info.plist; sourceTree = "<group>"; };
/* End PBXFileReference section */

/* Begin PBXFrameworksBuildPhase section */
		53BC1A0120AF6E4A00121C13 /* Frameworks */ = {
			isa = PBXFrameworksBuildPhase;
			buildActionMask = 2147483647;
			files = (
			);
			runOnlyForDeploymentPostprocessing = 0;
		};
/* End PBXFrameworksBuildPhase section */

/* Begin PBXGroup section */
		53BC19FB20AF6E4A00121C13 = {
			isa = PBXGroup;
			children = (
				53BC1A0620AF6E4A00121C13 /* BJDraggableDemo */,
				53BC1A0520AF6E4A00121C13 /* Products */,
			);
			sourceTree = "<group>";
		};
		53BC1A0520AF6E4A00121C13 /* Products */ = {
			isa = PBXGroup;
			children = (
				53BC1A0420AF6E4A00121C13 /* BJDraggableDemo.app */,
			);
			name = Products;
			sourceTree = "<group>";
		};
		53BC1A0620AF6E4A00121C13 /* BJDraggableDemo */ = {
			isa = PBXGroup;
			children = (
				530C4DDF20BC61970070B3E4 /* GOW.jpg */,
				53BC1A1920AF6E5600121C13 /* Source */,
				53BC1A0720AF6E4A00121C13 /* AppDelegate.swift */,
				53BC1A0920AF6E4A00121C13 /* ViewController.swift */,
				53BC1A0B20AF6E4A00121C13 /* Main.storyboard */,
				53BC1A0E20AF6E4C00121C13 /* Assets.xcassets */,
				53BC1A1020AF6E4C00121C13 /* LaunchScreen.storyboard */,
				53BC1A1320AF6E4C00121C13 /* Info.plist */,
			);
			path = BJDraggableDemo;
			sourceTree = "<group>";
		};
		53BC1A1920AF6E5600121C13 /* Source */ = {
			isa = PBXGroup;
			children = (
				530C4DDD20BC5BA30070B3E4 /* BJDraggable.swift */,
			);
			path = Source;
			sourceTree = "<group>";
		};
/* End PBXGroup section */

/* Begin PBXNativeTarget section */
		53BC1A0320AF6E4A00121C13 /* BJDraggableDemo */ = {
			isa = PBXNativeTarget;
			buildConfigurationList = 53BC1A1620AF6E4C00121C13 /* Build configuration list for PBXNativeTarget "BJDraggableDemo" */;
			buildPhases = (
				53BC1A0020AF6E4A00121C13 /* Sources */,
				53BC1A0120AF6E4A00121C13 /* Frameworks */,
				53BC1A0220AF6E4A00121C13 /* Resources */,
			);
			buildRules = (
			);
			dependencies = (
			);
			name = BJDraggableDemo;
			productName = BJDraggableDemo;
			productReference = 53BC1A0420AF6E4A00121C13 /* BJDraggableDemo.app */;
			productType = "com.apple.product-type.application";
		};
/* End PBXNativeTarget section */

/* Begin PBXProject section */
		53BC19FC20AF6E4A00121C13 /* Project object */ = {
			isa = PBXProject;
			attributes = {
				LastSwiftUpdateCheck = 0940;
				LastUpgradeCheck = 0940;
				ORGANIZATIONNAME = "Badhan Ganesh";
				TargetAttributes = {
					53BC1A0320AF6E4A00121C13 = {
						CreatedOnToolsVersion = 9.4;
					};
				};
			};
			buildConfigurationList = 53BC19FF20AF6E4A00121C13 /* Build configuration list for PBXProject "BJDraggableDemo" */;
			compatibilityVersion = "Xcode 9.3";
			developmentRegion = en;
			hasScannedForEncodings = 0;
			knownRegions = (
				en,
				Base,
			);
			mainGroup = 53BC19FB20AF6E4A00121C13;
			productRefGroup = 53BC1A0520AF6E4A00121C13 /* Products */;
			projectDirPath = "";
			projectRoot = "";
			targets = (
				53BC1A0320AF6E4A00121C13 /* BJDraggableDemo */,
			);
		};
/* End PBXProject section */

/* Begin PBXResourcesBuildPhase section */
		53BC1A0220AF6E4A00121C13 /* Resources */ = {
			isa = PBXResourcesBuildPhase;
			buildActionMask = 2147483647;
			files = (
				53BC1A1220AF6E4C00121C13 /* LaunchScreen.storyboard in Resources */,
				530C4DE020BC61970070B3E4 /* GOW.jpg in Resources */,
				53BC1A0F20AF6E4C00121C13 /* Assets.xcassets in Resources */,
				53BC1A0D20AF6E4A00121C13 /* Main.storyboard in Resources */,
			);
			runOnlyForDeploymentPostprocessing = 0;
		};
/* End PBXResourcesBuildPhase section */

/* Begin PBXSourcesBuildPhase section */
		53BC1A0020AF6E4A00121C13 /* Sources */ = {
			isa = PBXSourcesBuildPhase;
			buildActionMask = 2147483647;
			files = (
				53BC1A0A20AF6E4A00121C13 /* ViewController.swift in Sources */,
				530C4DDE20BC5BA30070B3E4 /* BJDraggable.swift in Sources */,
				53BC1A0820AF6E4A00121C13 /* AppDelegate.swift in Sources */,
			);
			runOnlyForDeploymentPostprocessing = 0;
		};
/* End PBXSourcesBuildPhase section */

/* Begin PBXVariantGroup section */
		53BC1A0B20AF6E4A00121C13 /* Main.storyboard */ = {
			isa = PBXVariantGroup;
			children = (
				53BC1A0C20AF6E4A00121C13 /* Base */,
			);
			name = Main.storyboard;
			sourceTree = "<group>";
		};
		53BC1A1020AF6E4C00121C13 /* LaunchScreen.storyboard */ = {
			isa = PBXVariantGroup;
			children = (
				53BC1A1120AF6E4C00121C13 /* Base */,
			);
			name = LaunchScreen.storyboard;
			sourceTree = "<group>";
		};
/* End PBXVariantGroup section */

/* Begin XCBuildConfiguration section */
		53BC1A1420AF6E4C00121C13 /* Debug */ = {
			isa = XCBuildConfiguration;
			buildSettings = {
				ALWAYS_SEARCH_USER_PATHS = NO;
				CLANG_ANALYZER_NONNULL = YES;
				CLANG_ANALYZER_NUMBER_OBJECT_CONVERSION = YES_AGGRESSIVE;
				CLANG_CXX_LANGUAGE_STANDARD = "gnu++14";
				CLANG_CXX_LIBRARY = "libc++";
				CLANG_ENABLE_MODULES = YES;
				CLANG_ENABLE_OBJC_ARC = YES;
				CLANG_ENABLE_OBJC_WEAK = YES;
				CLANG_WARN_BLOCK_CAPTURE_AUTORELEASING = YES;
				CLANG_WARN_BOOL_CONVERSION = YES;
				CLANG_WARN_COMMA = YES;
				CLANG_WARN_CONSTANT_CONVERSION = YES;
				CLANG_WARN_DEPRECATED_OBJC_IMPLEMENTATIONS = YES;
				CLANG_WARN_DIRECT_OBJC_ISA_USAGE = YES_ERROR;
				CLANG_WARN_DOCUMENTATION_COMMENTS = YES;
				CLANG_WARN_EMPTY_BODY = YES;
				CLANG_WARN_ENUM_CONVERSION = YES;
				CLANG_WARN_INFINITE_RECURSION = YES;
				CLANG_WARN_INT_CONVERSION = YES;
				CLANG_WARN_NON_LITERAL_NULL_CONVERSION = YES;
				CLANG_WARN_OBJC_IMPLICIT_RETAIN_SELF = YES;
				CLANG_WARN_OBJC_LITERAL_CONVERSION = YES;
				CLANG_WARN_OBJC_ROOT_CLASS = YES_ERROR;
				CLANG_WARN_RANGE_LOOP_ANALYSIS = YES;
				CLANG_WARN_STRICT_PROTOTYPES = YES;
				CLANG_WARN_SUSPICIOUS_MOVE = YES;
				CLANG_WARN_UNGUARDED_AVAILABILITY = YES_AGGRESSIVE;
				CLANG_WARN_UNREACHABLE_CODE = YES;
				CLANG_WARN__DUPLICATE_METHOD_MATCH = YES;
				CODE_SIGN_IDENTITY = "iPhone Developer";
				COPY_PHASE_STRIP = NO;
				DEBUG_INFORMATION_FORMAT = dwarf;
				ENABLE_STRICT_OBJC_MSGSEND = YES;
				ENABLE_TESTABILITY = YES;
				GCC_C_LANGUAGE_STANDARD = gnu11;
				GCC_DYNAMIC_NO_PIC = NO;
				GCC_NO_COMMON_BLOCKS = YES;
				GCC_OPTIMIZATION_LEVEL = 0;
				GCC_PREPROCESSOR_DEFINITIONS = (
					"DEBUG=1",
					"$(inherited)",
				);
				GCC_WARN_64_TO_32_BIT_CONVERSION = YES;
				GCC_WARN_ABOUT_RETURN_TYPE = YES_ERROR;
				GCC_WARN_UNDECLARED_SELECTOR = YES;
				GCC_WARN_UNINITIALIZED_AUTOS = YES_AGGRESSIVE;
				GCC_WARN_UNUSED_FUNCTION = YES;
				GCC_WARN_UNUSED_VARIABLE = YES;
				IPHONEOS_DEPLOYMENT_TARGET = 11.3;
				MTL_ENABLE_DEBUG_INFO = YES;
				ONLY_ACTIVE_ARCH = YES;
				SDKROOT = iphoneos;
				SWIFT_ACTIVE_COMPILATION_CONDITIONS = DEBUG;
				SWIFT_OPTIMIZATION_LEVEL = "-Onone";
			};
			name = Debug;
		};
		53BC1A1520AF6E4C00121C13 /* Release */ = {
			isa = XCBuildConfiguration;
			buildSettings = {
				ALWAYS_SEARCH_USER_PATHS = NO;
				CLANG_ANALYZER_NONNULL = YES;
				CLANG_ANALYZER_NUMBER_OBJECT_CONVERSION = YES_AGGRESSIVE;
				CLANG_CXX_LANGUAGE_STANDARD = "gnu++14";
				CLANG_CXX_LIBRARY = "libc++";
				CLANG_ENABLE_MODULES = YES;
				CLANG_ENABLE_OBJC_ARC = YES;
				CLANG_ENABLE_OBJC_WEAK = YES;
				CLANG_WARN_BLOCK_CAPTURE_AUTORELEASING = YES;
				CLANG_WARN_BOOL_CONVERSION = YES;
				CLANG_WARN_COMMA = YES;
				CLANG_WARN_CONSTANT_CONVERSION = YES;
				CLANG_WARN_DEPRECATED_OBJC_IMPLEMENTATIONS = YES;
				CLANG_WARN_DIRECT_OBJC_ISA_USAGE = YES_ERROR;
				CLANG_WARN_DOCUMENTATION_COMMENTS = YES;
				CLANG_WARN_EMPTY_BODY = YES;
				CLANG_WARN_ENUM_CONVERSION = YES;
				CLANG_WARN_INFINITE_RECURSION = YES;
				CLANG_WARN_INT_CONVERSION = YES;
				CLANG_WARN_NON_LITERAL_NULL_CONVERSION = YES;
				CLANG_WARN_OBJC_IMPLICIT_RETAIN_SELF = YES;
				CLANG_WARN_OBJC_LITERAL_CONVERSION = YES;
				CLANG_WARN_OBJC_ROOT_CLASS = YES_ERROR;
				CLANG_WARN_RANGE_LOOP_ANALYSIS = YES;
				CLANG_WARN_STRICT_PROTOTYPES = YES;
				CLANG_WARN_SUSPICIOUS_MOVE = YES;
				CLANG_WARN_UNGUARDED_AVAILABILITY = YES_AGGRESSIVE;
				CLANG_WARN_UNREACHABLE_CODE = YES;
				CLANG_WARN__DUPLICATE_METHOD_MATCH = YES;
				CODE_SIGN_IDENTITY = "iPhone Developer";
				COPY_PHASE_STRIP = NO;
				DEBUG_INFORMATION_FORMAT = "dwarf-with-dsym";
				ENABLE_NS_ASSERTIONS = NO;
				ENABLE_STRICT_OBJC_MSGSEND = YES;
				GCC_C_LANGUAGE_STANDARD = gnu11;
				GCC_NO_COMMON_BLOCKS = YES;
				GCC_WARN_64_TO_32_BIT_CONVERSION = YES;
				GCC_WARN_ABOUT_RETURN_TYPE = YES_ERROR;
				GCC_WARN_UNDECLARED_SELECTOR = YES;
				GCC_WARN_UNINITIALIZED_AUTOS = YES_AGGRESSIVE;
				GCC_WARN_UNUSED_FUNCTION = YES;
				GCC_WARN_UNUSED_VARIABLE = YES;
				IPHONEOS_DEPLOYMENT_TARGET = 11.3;
				MTL_ENABLE_DEBUG_INFO = NO;
				SDKROOT = iphoneos;
				SWIFT_COMPILATION_MODE = wholemodule;
				SWIFT_OPTIMIZATION_LEVEL = "-O";
				VALIDATE_PRODUCT = YES;
			};
			name = Release;
		};
		53BC1A1720AF6E4C00121C13 /* Debug */ = {
			isa = XCBuildConfiguration;
			buildSettings = {
				ASSETCATALOG_COMPILER_APPICON_NAME = AppIcon;
				CODE_SIGN_STYLE = Automatic;
				DEVELOPMENT_TEAM = U2888GAKZ7;
				INFOPLIST_FILE = BJDraggableDemo/Info.plist;
				IPHONEOS_DEPLOYMENT_TARGET = 11.3;
				LD_RUNPATH_SEARCH_PATHS = (
					"$(inherited)",
					"@executable_path/Frameworks",
				);
				PRODUCT_BUNDLE_IDENTIFIER = com.bj.BJDraggableDemo;
				PRODUCT_NAME = "$(TARGET_NAME)";
				SWIFT_VERSION = 4.0;
				TARGETED_DEVICE_FAMILY = "1,2";
			};
			name = Debug;
		};
		53BC1A1820AF6E4C00121C13 /* Release */ = {
			isa = XCBuildConfiguration;
			buildSettings = {
				ASSETCATALOG_COMPILER_APPICON_NAME = AppIcon;
				CODE_SIGN_STYLE = Automatic;
				DEVELOPMENT_TEAM = U2888GAKZ7;
				INFOPLIST_FILE = BJDraggableDemo/Info.plist;
				IPHONEOS_DEPLOYMENT_TARGET = 11.3;
				LD_RUNPATH_SEARCH_PATHS = (
					"$(inherited)",
					"@executable_path/Frameworks",
				);
				PRODUCT_BUNDLE_IDENTIFIER = com.bj.BJDraggableDemo;
				PRODUCT_NAME = "$(TARGET_NAME)";
				SWIFT_VERSION = 4.0;
				TARGETED_DEVICE_FAMILY = "1,2";
			};
			name = Release;
		};
/* End XCBuildConfiguration section */

/* Begin XCConfigurationList section */
		53BC19FF20AF6E4A00121C13 /* Build configuration list for PBXProject "BJDraggableDemo" */ = {
			isa = XCConfigurationList;
			buildConfigurations = (
				53BC1A1420AF6E4C00121C13 /* Debug */,
				53BC1A1520AF6E4C00121C13 /* Release */,
			);
			defaultConfigurationIsVisible = 0;
			defaultConfigurationName = Release;
		};
		53BC1A1620AF6E4C00121C13 /* Build configuration list for PBXNativeTarget "BJDraggableDemo" */ = {
			isa = XCConfigurationList;
			buildConfigurations = (
				53BC1A1720AF6E4C00121C13 /* Debug */,
				53BC1A1820AF6E4C00121C13 /* Release */,
			);
			defaultConfigurationIsVisible = 0;
			defaultConfigurationName = Release;
		};
/* End XCConfigurationList section */
	};
	rootObject = 53BC19FC20AF6E4A00121C13 /* Project object */;
}
